
Microsoft Visual Studio Solution File, Format Version 12.00
# Visual Studio Version 16
VisualStudioVersion = 16.0.30204.135
MinimumVisualStudioVersion = 10.0.40219.1
Project("{888888A0-9F3D-457C-B088-3A5042F75D52}") = "MATSimPyVis", "MATSimPyVis\MATSimPyVis.pyproj", "{5E943229-7CC4-45C6-AF40-D5D18B89A83D}"
EndProject
Global
	GlobalSection(SolutionConfigurationPlatforms) = preSolution
		Debug|Any CPU = Debug|Any CPU
		Release|Any CPU = Release|Any CPU
	EndGlobalSection
	GlobalSection(ProjectConfigurationPlatforms) = postSolution
		{5E943229-7CC4-45C6-AF40-D5D18B89A83D}.Debug|Any CPU.ActiveCfg = Debug|Any CPU
		{5E943229-7CC4-45C6-AF40-D5D18B89A83D}.Release|Any CPU.ActiveCfg = Release|Any CPU
	EndGlobalSection
	GlobalSection(SolutionProperties) = preSolution
		HideSolutionNode = FALSE
	EndGlobalSection
	GlobalSection(ExtensibilityGlobals) = postSolution
		SolutionGuid = {042E5AEB-5968-4931-A630-196E2BBBC519}
	EndGlobalSection
EndGlobal
